
Microsoft Visual Studio Solution File, Format Version 12.00
# Visual Studio Version 16
VisualStudioVersion = 16.0.31829.152
MinimumVisualStudioVersion = 10.0.40219.1
Project("{FAE04EC0-301F-11D3-BF4B-00C04F79EFBC}") = "GitHub", "GitHub\GitHub.csproj", "{5763D1E5-BE52-46D8-B6FE-3EA44C6C785F}"
EndProject
Global
	GlobalSection(SolutionConfigurationPlatforms) = preSolution
		Debug|Any CPU = Debug|Any CPU
		Release|Any CPU = Release|Any CPU
	EndGlobalSection
	GlobalSection(ProjectConfigurationPlatforms) = postSolution
		{5763D1E5-BE52-46D8-B6FE-3EA44C6C785F}.Debug|Any CPU.ActiveCfg = Debug|Any CPU
		{5763D1E5-BE52-46D8-B6FE-3EA44C6C785F}.Debug|Any CPU.Build.0 = Debug|Any CPU
		{5763D1E5-BE52-46D8-B6FE-3EA44C6C785F}.Release|Any CPU.ActiveCfg = Release|Any CPU
		{5763D1E5-BE52-46D8-B6FE-3EA44C6C785F}.Release|Any CPU.Build.0 = Release|Any CPU
	EndGlobalSection
	GlobalSection(SolutionProperties) = preSolution
		HideSolutionNode = FALSE
	EndGlobalSection
	GlobalSection(ExtensibilityGlobals) = postSolution
		SolutionGuid = {F827486A-D973-428A-8F59-05921F1CF8A1}
	EndGlobalSection
EndGlobal
